
Microsoft Visual Studio Solution File, Format Version 12.00
# Visual Studio Version 16
VisualStudioVersion = 16.0.28922.388
MinimumVisualStudioVersion = 10.0.40219.1
Project("{FAE04EC0-301F-11D3-BF4B-00C04F79EFBC}") = "Algorithms", "src\Algorithms\Algorithms.csproj", "{9890106C-5A3D-4260-91F1-03CBB97CA5A0}"
EndProject
Project("{FAE04EC0-301F-11D3-BF4B-00C04F79EFBC}") = "ConsoleHost", "src\ConsoleHost\ConsoleHost.csproj", "{3F278A26-D99A-4E54-83E7-019597B502C6}"
EndProject
Project("{FAE04EC0-301F-11D3-BF4B-00C04F79EFBC}") = "Contracts", "src\Contracts\Contracts.csproj", "{D2E677C6-416E-4E30-BF1F-5830A0543ACC}"
EndProject
Project("{FAE04EC0-301F-11D3-BF4B-00C04F79EFBC}") = "DataStructures", "DataStructures\DataStructures.csproj", "{D43CC808-A30F-4EEB-9360-EF95F443DAA4}"
EndProject
Global
	GlobalSection(SolutionConfigurationPlatforms) = preSolution
		Debug|Any CPU = Debug|Any CPU
		Release|Any CPU = Release|Any CPU
	EndGlobalSection
	GlobalSection(ProjectConfigurationPlatforms) = postSolution
		{9890106C-5A3D-4260-91F1-03CBB97CA5A0}.Debug|Any CPU.ActiveCfg = Debug|Any CPU
		{9890106C-5A3D-4260-91F1-03CBB97CA5A0}.Debug|Any CPU.Build.0 = Debug|Any CPU
		{9890106C-5A3D-4260-91F1-03CBB97CA5A0}.Release|Any CPU.ActiveCfg = Release|Any CPU
		{9890106C-5A3D-4260-91F1-03CBB97CA5A0}.Release|Any CPU.Build.0 = Release|Any CPU
		{3F278A26-D99A-4E54-83E7-019597B502C6}.Debug|Any CPU.ActiveCfg = Debug|Any CPU
		{3F278A26-D99A-4E54-83E7-019597B502C6}.Debug|Any CPU.Build.0 = Debug|Any CPU
		{3F278A26-D99A-4E54-83E7-019597B502C6}.Release|Any CPU.ActiveCfg = Release|Any CPU
		{3F278A26-D99A-4E54-83E7-019597B502C6}.Release|Any CPU.Build.0 = Release|Any CPU
		{D2E677C6-416E-4E30-BF1F-5830A0543ACC}.Debug|Any CPU.ActiveCfg = Debug|Any CPU
		{D2E677C6-416E-4E30-BF1F-5830A0543ACC}.Debug|Any CPU.Build.0 = Debug|Any CPU
		{D2E677C6-416E-4E30-BF1F-5830A0543ACC}.Release|Any CPU.ActiveCfg = Release|Any CPU
		{D2E677C6-416E-4E30-BF1F-5830A0543ACC}.Release|Any CPU.Build.0 = Release|Any CPU
		{D43CC808-A30F-4EEB-9360-EF95F443DAA4}.Debug|Any CPU.ActiveCfg = Debug|Any CPU
		{D43CC808-A30F-4EEB-9360-EF95F443DAA4}.Debug|Any CPU.Build.0 = Debug|Any CPU
		{D43CC808-A30F-4EEB-9360-EF95F443DAA4}.Release|Any CPU.ActiveCfg = Release|Any CPU
		{D43CC808-A30F-4EEB-9360-EF95F443DAA4}.Release|Any CPU.Build.0 = Release|Any CPU
	EndGlobalSection
	GlobalSection(SolutionProperties) = preSolution
		HideSolutionNode = FALSE
	EndGlobalSection
	GlobalSection(ExtensibilityGlobals) = postSolution
		SolutionGuid = {0A975414-49C5-4FE2-A025-A64EBDAE33EE}
	EndGlobalSection
EndGlobal
